<Solution>
  <Project Path="BL/ProjectbeheerBL.csproj" />
  <Project Path="DL/ProjectbeheerDL.csproj" />
  <Project Path="ProjectBeheerUnitTest/ProjectBeheerUnitTest.csproj" Id="da8604a7-a72b-4d6c-8e36-7319a9238f38" />
  <Project Path="ProjectbeheerUtil/ProjectbeheerUtil.csproj" Id="3babca6d-487c-4ee5-8685-f6b7c32b6735" />
  <Project Path="TestConsoleApp/TestConsoleApp.csproj" Id="1b91c4c8-91d0-46bc-9ae7-3129db2fb940">
    <Build Solution="Debug|*" Project="false" />
  </Project>
  <Project Path="UserInterface/ProjectbeheerUserInterface.csproj" />
</Solution>
