<Solution>
  <Project Path="BL/ProjectbeheerBL.csproj" />
  <Project Path="ConsoleApp1/ConsoleApp1.csproj" Id="6a4cf110-00b4-453a-9411-4fc513cf89a3">
    <Build Solution="Debug|*" Project="false" />
  </Project>
  <Project Path="ConsoleApp3/ConsoleApp3.csproj" Id="deb66d0e-0f8d-4460-bfef-2698e9050adf" />
  <Project Path="DL/ProjectbeheerDL.csproj" />
  <Project Path="ProjectbeheerUtil/ProjectbeheerUtil.csproj" Id="3babca6d-487c-4ee5-8685-f6b7c32b6735" />
  <Project Path="UserInterface/ProjectbeheerUserInterface.csproj" />
</Solution>
